
Microsoft Visual Studio Solution File, Format Version 12.00
# Visual Studio Version 16
VisualStudioVersion = 16.0.29920.165
MinimumVisualStudioVersion = 10.0.40219.1
Project("{FAE04EC0-301F-11D3-BF4B-00C04F79EFBC}") = "_14_EF_MVC_Model", "14_EF_MVC_Model\_14_EF_MVC_Model.csproj", "{61BB2D65-A245-4F85-A59C-E50662B24504}"
EndProject
Global
	GlobalSection(SolutionConfigurationPlatforms) = preSolution
		Debug|Any CPU = Debug|Any CPU
		Release|Any CPU = Release|Any CPU
	EndGlobalSection
	GlobalSection(ProjectConfigurationPlatforms) = postSolution
		{61BB2D65-A245-4F85-A59C-E50662B24504}.Debug|Any CPU.ActiveCfg = Debug|Any CPU
		{61BB2D65-A245-4F85-A59C-E50662B24504}.Debug|Any CPU.Build.0 = Debug|Any CPU
		{61BB2D65-A245-4F85-A59C-E50662B24504}.Release|Any CPU.ActiveCfg = Release|Any CPU
		{61BB2D65-A245-4F85-A59C-E50662B24504}.Release|Any CPU.Build.0 = Release|Any CPU
	EndGlobalSection
	GlobalSection(SolutionProperties) = preSolution
		HideSolutionNode = FALSE
	EndGlobalSection
	GlobalSection(ExtensibilityGlobals) = postSolution
		SolutionGuid = {8BC61F9E-5931-48F6-BC58-8296B5C7EB52}
	EndGlobalSection
EndGlobal
