
Microsoft Visual Studio Solution File, Format Version 12.00
# Visual Studio Version 16
VisualStudioVersion = 16.0.29920.165
MinimumVisualStudioVersion = 10.0.40219.1
Project("{FAE04EC0-301F-11D3-BF4B-00C04F79EFBC}") = "14_EF_MVC_Ajax_Demo", "14_EF_MVC_Ajax_Demo\14_EF_MVC_Ajax_Demo.csproj", "{435B6E0E-E757-4031-94EF-CD3439E5CDB7}"
EndProject
Global
	GlobalSection(SolutionConfigurationPlatforms) = preSolution
		Debug|Any CPU = Debug|Any CPU
		Release|Any CPU = Release|Any CPU
	EndGlobalSection
	GlobalSection(ProjectConfigurationPlatforms) = postSolution
		{435B6E0E-E757-4031-94EF-CD3439E5CDB7}.Debug|Any CPU.ActiveCfg = Debug|Any CPU
		{435B6E0E-E757-4031-94EF-CD3439E5CDB7}.Debug|Any CPU.Build.0 = Debug|Any CPU
		{435B6E0E-E757-4031-94EF-CD3439E5CDB7}.Release|Any CPU.ActiveCfg = Release|Any CPU
		{435B6E0E-E757-4031-94EF-CD3439E5CDB7}.Release|Any CPU.Build.0 = Release|Any CPU
	EndGlobalSection
	GlobalSection(SolutionProperties) = preSolution
		HideSolutionNode = FALSE
	EndGlobalSection
	GlobalSection(ExtensibilityGlobals) = postSolution
		SolutionGuid = {70EC34BB-D7E3-47E0-9FD9-066DD0EE5ECF}
	EndGlobalSection
EndGlobal
