
Microsoft Visual Studio Solution File, Format Version 12.00
# Visual Studio Version 16
VisualStudioVersion = 16.0.29920.165
MinimumVisualStudioVersion = 10.0.40219.1
Project("{FAE04EC0-301F-11D3-BF4B-00C04F79EFBC}") = "19_EF_MCV_Temp_Data", "19_EF_MCV_Temp_Data\19_EF_MCV_Temp_Data.csproj", "{1232E093-7DFA-4EA6-AFFD-12177D57ED4F}"
EndProject
Global
	GlobalSection(SolutionConfigurationPlatforms) = preSolution
		Debug|Any CPU = Debug|Any CPU
		Release|Any CPU = Release|Any CPU
	EndGlobalSection
	GlobalSection(ProjectConfigurationPlatforms) = postSolution
		{1232E093-7DFA-4EA6-AFFD-12177D57ED4F}.Debug|Any CPU.ActiveCfg = Debug|Any CPU
		{1232E093-7DFA-4EA6-AFFD-12177D57ED4F}.Debug|Any CPU.Build.0 = Debug|Any CPU
		{1232E093-7DFA-4EA6-AFFD-12177D57ED4F}.Release|Any CPU.ActiveCfg = Release|Any CPU
		{1232E093-7DFA-4EA6-AFFD-12177D57ED4F}.Release|Any CPU.Build.0 = Release|Any CPU
	EndGlobalSection
	GlobalSection(SolutionProperties) = preSolution
		HideSolutionNode = FALSE
	EndGlobalSection
	GlobalSection(ExtensibilityGlobals) = postSolution
		SolutionGuid = {A1917BD0-9040-4037-B491-3727E9AADBED}
	EndGlobalSection
EndGlobal
