
Microsoft Visual Studio Solution File, Format Version 12.00
# Visual Studio Version 16
VisualStudioVersion = 16.0.29920.165
MinimumVisualStudioVersion = 10.0.40219.1
Project("{FAE04EC0-301F-11D3-BF4B-00C04F79EFBC}") = "Ajax", "Ajax\Ajax.csproj", "{5F82C0B5-1919-4D1D-B584-91CC3A09BFDD}"
EndProject
Global
	GlobalSection(SolutionConfigurationPlatforms) = preSolution
		Debug|Any CPU = Debug|Any CPU
		Release|Any CPU = Release|Any CPU
	EndGlobalSection
	GlobalSection(ProjectConfigurationPlatforms) = postSolution
		{5F82C0B5-1919-4D1D-B584-91CC3A09BFDD}.Debug|Any CPU.ActiveCfg = Debug|Any CPU
		{5F82C0B5-1919-4D1D-B584-91CC3A09BFDD}.Debug|Any CPU.Build.0 = Debug|Any CPU
		{5F82C0B5-1919-4D1D-B584-91CC3A09BFDD}.Release|Any CPU.ActiveCfg = Release|Any CPU
		{5F82C0B5-1919-4D1D-B584-91CC3A09BFDD}.Release|Any CPU.Build.0 = Release|Any CPU
	EndGlobalSection
	GlobalSection(SolutionProperties) = preSolution
		HideSolutionNode = FALSE
	EndGlobalSection
	GlobalSection(ExtensibilityGlobals) = postSolution
		SolutionGuid = {D51AD2DB-380C-48BE-B7B3-A0AC8426C086}
	EndGlobalSection
EndGlobal
