
Microsoft Visual Studio Solution File, Format Version 12.00
# Visual Studio Version 16
VisualStudioVersion = 16.0.29920.165
MinimumVisualStudioVersion = 10.0.40219.1
Project("{FAE04EC0-301F-11D3-BF4B-00C04F79EFBC}") = "17_EF_MVC_DB", "17_EF_MVC_DB\17_EF_MVC_DB.csproj", "{C2913DAF-6A45-457C-9B0F-7102199292CD}"
EndProject
Global
	GlobalSection(SolutionConfigurationPlatforms) = preSolution
		Debug|Any CPU = Debug|Any CPU
		Release|Any CPU = Release|Any CPU
	EndGlobalSection
	GlobalSection(ProjectConfigurationPlatforms) = postSolution
		{C2913DAF-6A45-457C-9B0F-7102199292CD}.Debug|Any CPU.ActiveCfg = Debug|Any CPU
		{C2913DAF-6A45-457C-9B0F-7102199292CD}.Debug|Any CPU.Build.0 = Debug|Any CPU
		{C2913DAF-6A45-457C-9B0F-7102199292CD}.Release|Any CPU.ActiveCfg = Release|Any CPU
		{C2913DAF-6A45-457C-9B0F-7102199292CD}.Release|Any CPU.Build.0 = Release|Any CPU
	EndGlobalSection
	GlobalSection(SolutionProperties) = preSolution
		HideSolutionNode = FALSE
	EndGlobalSection
	GlobalSection(ExtensibilityGlobals) = postSolution
		SolutionGuid = {6FFF73F9-E0E6-424A-B9D3-6F449BB0E2CB}
	EndGlobalSection
EndGlobal
