
Microsoft Visual Studio Solution File, Format Version 12.00
# Visual Studio Version 16
VisualStudioVersion = 16.0.29920.165
MinimumVisualStudioVersion = 10.0.40219.1
Project("{FAE04EC0-301F-11D3-BF4B-00C04F79EFBC}") = "07_EF_MVC_View_Razor", "07_EF_MVC_View_Razor\07_EF_MVC_View_Razor.csproj", "{DEF2763B-63A1-451D-9176-DFAF64A9B60A}"
EndProject
Global
	GlobalSection(SolutionConfigurationPlatforms) = preSolution
		Debug|Any CPU = Debug|Any CPU
		Release|Any CPU = Release|Any CPU
	EndGlobalSection
	GlobalSection(ProjectConfigurationPlatforms) = postSolution
		{DEF2763B-63A1-451D-9176-DFAF64A9B60A}.Debug|Any CPU.ActiveCfg = Debug|Any CPU
		{DEF2763B-63A1-451D-9176-DFAF64A9B60A}.Debug|Any CPU.Build.0 = Debug|Any CPU
		{DEF2763B-63A1-451D-9176-DFAF64A9B60A}.Release|Any CPU.ActiveCfg = Release|Any CPU
		{DEF2763B-63A1-451D-9176-DFAF64A9B60A}.Release|Any CPU.Build.0 = Release|Any CPU
	EndGlobalSection
	GlobalSection(SolutionProperties) = preSolution
		HideSolutionNode = FALSE
	EndGlobalSection
	GlobalSection(ExtensibilityGlobals) = postSolution
		SolutionGuid = {791B2069-9B69-4BBE-98C1-E59CF7841737}
	EndGlobalSection
EndGlobal
